{
  "object": {
    "pins": [
      {
        "package": "seedable-swift",
        "repositoryURL": "https://github.com/nixberg/seedable-swift",
        "state": {
          "branch": "main",
          "revision": "2fe5794b5f289199cd86831578a0343c4eb45167",
          "version": null
        }
      }
    ]
  },
  "version": 1
}
